
Microsoft Visual Studio Solution File, Format Version 12.00
# Visual Studio Version 17
VisualStudioVersion = 17.5.002.0
MinimumVisualStudioVersion = 10.0.40219.1
Project("{9A19103F-16F7-4668-BE54-9A1E7A4F7556}") = "APIProject", "APIProject.csproj", "{9E0DCEA2-F681-471F-981D-C597FD2FAFB9}"
EndProject
Global
	GlobalSection(SolutionConfigurationPlatforms) = preSolution
		Debug|Any CPU = Debug|Any CPU
		Release|Any CPU = Release|Any CPU
	EndGlobalSection
	GlobalSection(ProjectConfigurationPlatforms) = postSolution
		{9E0DCEA2-F681-471F-981D-C597FD2FAFB9}.Debug|Any CPU.ActiveCfg = Debug|Any CPU
		{9E0DCEA2-F681-471F-981D-C597FD2FAFB9}.Debug|Any CPU.Build.0 = Debug|Any CPU
		{9E0DCEA2-F681-471F-981D-C597FD2FAFB9}.Release|Any CPU.ActiveCfg = Release|Any CPU
		{9E0DCEA2-F681-471F-981D-C597FD2FAFB9}.Release|Any CPU.Build.0 = Release|Any CPU
	EndGlobalSection
	GlobalSection(SolutionProperties) = preSolution
		HideSolutionNode = FALSE
	EndGlobalSection
	GlobalSection(ExtensibilityGlobals) = postSolution
		SolutionGuid = {CD1F0DBD-9216-4974-9634-DA1B51165282}
	EndGlobalSection
EndGlobal
